
Microsoft Visual Studio Solution File, Format Version 12.00
# Visual Studio 15
VisualStudioVersion = 15.0.28307.960
MinimumVisualStudioVersion = 10.0.40219.1
Project("{FAE04EC0-301F-11D3-BF4B-00C04F79EFBC}") = "WebApplication1", "WebApplication1\WebApplication1.csproj", "{C8934246-692A-46A4-A038-AE3F1EBA02A4}"
EndProject
Global
	GlobalSection(SolutionConfigurationPlatforms) = preSolution
		Debug|Any CPU = Debug|Any CPU
		Release|Any CPU = Release|Any CPU
	EndGlobalSection
	GlobalSection(ProjectConfigurationPlatforms) = postSolution
		{C8934246-692A-46A4-A038-AE3F1EBA02A4}.Debug|Any CPU.ActiveCfg = Debug|Any CPU
		{C8934246-692A-46A4-A038-AE3F1EBA02A4}.Debug|Any CPU.Build.0 = Debug|Any CPU
		{C8934246-692A-46A4-A038-AE3F1EBA02A4}.Release|Any CPU.ActiveCfg = Release|Any CPU
		{C8934246-692A-46A4-A038-AE3F1EBA02A4}.Release|Any CPU.Build.0 = Release|Any CPU
	EndGlobalSection
	GlobalSection(SolutionProperties) = preSolution
		HideSolutionNode = FALSE
	EndGlobalSection
	GlobalSection(ExtensibilityGlobals) = postSolution
		SolutionGuid = {0D4720E2-F11C-4D04-AF15-85F922BE2465}
	EndGlobalSection
EndGlobal
